github.com/twystd/ckmeans.1d.dp v0.0.1-0.20201112224849-6c5cdb8fc811 h1:xIC3dX9SvKku/n+wgZbHlm+SBeXBQOSEXjD4qiim0kQ=
github.com/twystd/ckmeans.1d.dp v0.0.1-0.20201112224849-6c5cdb8fc811/go.mod h1:AkrPaNn4yg3MDCd+5HoaHXCeT+lRrb3JIzJUZ+n5Ogc=
github.com/twystd/ckmeans.1d.dp v0.0.1-0.20201112225406-7852f7c5b20c h1:734SlQBHSGblBeWc+1txpMCr9dk40oK4iMoGZG+vKWI=
github.com/twystd/ckmeans.1d.dp v0.0.1-0.20201112225406-7852f7c5b20c/go.mod h1:AkrPaNn4yg3MDCd+5HoaHXCeT+lRrb3JIzJUZ+n5Ogc=
github.com/twystd/ckmeans.1d.dp v0.0.1-0.20201112234031-85268aaa7646 h1:jwTINcIC77FvxuxgSlqc6c2c1tKNBVmfDj7tIgyXqb0=
github.com/twystd/ckmeans.1d.dp v0.0.1-0.20201112234031-85268aaa7646/go.mod h1:AkrPaNn4yg3MDCd+5HoaHXCeT+lRrb3JIzJUZ+n5Ogc=
github.com/twystd/ckmeans.1d.dp/go v0.0.0-20201112225406-7852f7c5b20c h1:Cb5saKyScErukoSa5znIOuTyvcDDAIUC8sL0RHZKAgY=
github.com/twystd/ckmeans.1d.dp/go v0.0.0-20201112225406-7852f7c5b20c/go.mod h1:pjCcyl+Gq3JN+CfQleMDudpMMt69hGdyDZ0ul6kZ9/Q=
github.com/twystd/ckmeans.1d.dp/go v0.0.0-20201112234031-85268aaa7646 h1:3sqyshzlftr2QpgywT7mLWd7DZnVkKu1+0QFaOaJbfk=
github.com/twystd/ckmeans.1d.dp/go v0.0.0-20201112234031-85268aaa7646/go.mod h1:pjCcyl+Gq3JN+CfQleMDudpMMt69hGdyDZ0ul6kZ9/Q=
github.com/twystd/ckmeans.1d.dp/go v0.0.0-20201117002147-12dde72a0c1a h1:WVS8nQx7ZHzvk2ZVTKqWYA7mrIDzXiTVs1CbdXoNJAw=
github.com/twystd/ckmeans.1d.dp/go v0.0.0-20201117002147-12dde72a0c1a/go.mod h1:pjCcyl+Gq3JN+CfQleMDudpMMt69hGdyDZ0ul6kZ9/Q=
