github.com/twystd/ckmeans.1d.dp/go v0.0.0-20201113234253-0a4a81a4ddbf h1:1pPe45KueTGr2FuACXL/2EjpxBhPPJiBJa81/2HAARY=
github.com/twystd/ckmeans.1d.dp/go v0.0.0-20201113234253-0a4a81a4ddbf/go.mod h1:pjCcyl+Gq3JN+CfQleMDudpMMt69hGdyDZ0ul6kZ9/Q=
github.com/twystd/ckmeans.1d.dp/go v0.0.0-20201117002147-12dde72a0c1a h1:WVS8nQx7ZHzvk2ZVTKqWYA7mrIDzXiTVs1CbdXoNJAw=
github.com/twystd/ckmeans.1d.dp/go v0.0.0-20201117002147-12dde72a0c1a/go.mod h1:pjCcyl+Gq3JN+CfQleMDudpMMt69hGdyDZ0ul6kZ9/Q=
